
Microsoft Visual Studio Solution File, Format Version 12.00
# Visual Studio 15
VisualStudioVersion = 15.0.33026.149
MinimumVisualStudioVersion = 10.0.40219.1
Project("{FAE04EC0-301F-11D3-BF4B-00C04F79EFBC}") = "MP10_RGB2YCrCb", "MP10_RGB2YCrCb\MP10_RGB2YCrCb.csproj", "{53020C3E-F6B6-44D7-B836-48AC67BE837D}"
EndProject
Global
	GlobalSection(SolutionConfigurationPlatforms) = preSolution
		Debug|Any CPU = Debug|Any CPU
		Release|Any CPU = Release|Any CPU
	EndGlobalSection
	GlobalSection(ProjectConfigurationPlatforms) = postSolution
		{53020C3E-F6B6-44D7-B836-48AC67BE837D}.Debug|Any CPU.ActiveCfg = Debug|Any CPU
		{53020C3E-F6B6-44D7-B836-48AC67BE837D}.Debug|Any CPU.Build.0 = Debug|Any CPU
		{53020C3E-F6B6-44D7-B836-48AC67BE837D}.Release|Any CPU.ActiveCfg = Release|Any CPU
		{53020C3E-F6B6-44D7-B836-48AC67BE837D}.Release|Any CPU.Build.0 = Release|Any CPU
	EndGlobalSection
	GlobalSection(SolutionProperties) = preSolution
		HideSolutionNode = FALSE
	EndGlobalSection
	GlobalSection(ExtensibilityGlobals) = postSolution
		SolutionGuid = {0081766B-8459-44A9-BB24-02FEBA0721CA}
	EndGlobalSection
EndGlobal
